// !$*UTF8*$!
{
	archiveVersion = 1;
	classes = {
	};
	objectVersion = 50;
	objects = {

/* Begin PBXBuildFile section */
		B430A34A246B2E260043F4D8 /* HomeWorldVC.swift in Sources */ = {isa = PBXBuildFile; fileRef = B430A349246B2E260043F4D8 /* HomeWorldVC.swift */; };
		B430A34C246B2E350043F4D8 /* VehiclesVC.swift in Sources */ = {isa = PBXBuildFile; fileRef = B430A34B246B2E350043F4D8 /* VehiclesVC.swift */; };
		B430A34E246B2E410043F4D8 /* StarShipsVC.swift in Sources */ = {isa = PBXBuildFile; fileRef = B430A34D246B2E410043F4D8 /* StarShipsVC.swift */; };
		B430A350246B2E530043F4D8 /* FilmsVC.swift in Sources */ = {isa = PBXBuildFile; fileRef = B430A34F246B2E530043F4D8 /* FilmsVC.swift */; };
		B458423C246B21EB00420053 /* FadeEnabledBtn.swift in Sources */ = {isa = PBXBuildFile; fileRef = B458423B246B21EB00420053 /* FadeEnabledBtn.swift */; };
		B46097612469127800854C49 /* PersonApi.swift in Sources */ = {isa = PBXBuildFile; fileRef = B46097602469127800854C49 /* PersonApi.swift */; };
		B460976324691ABF00854C49 /* Person.swift in Sources */ = {isa = PBXBuildFile; fileRef = B460976224691ABF00854C49 /* Person.swift */; };
		B479DC442468F0DB00F002CA /* BlackBgView.swift in Sources */ = {isa = PBXBuildFile; fileRef = B479DC432468F0DB00F002CA /* BlackBgView.swift */; };
		B479DC472468F14A00F002CA /* Constants.swift in Sources */ = {isa = PBXBuildFile; fileRef = B479DC462468F14A00F002CA /* Constants.swift */; };
		B49236212468B80100A89EB3 /* AppDelegate.swift in Sources */ = {isa = PBXBuildFile; fileRef = B49236202468B80100A89EB3 /* AppDelegate.swift */; };
		B49236232468B80100A89EB3 /* SceneDelegate.swift in Sources */ = {isa = PBXBuildFile; fileRef = B49236222468B80100A89EB3 /* SceneDelegate.swift */; };
		B49236252468B80100A89EB3 /* SelectPersonVC.swift in Sources */ = {isa = PBXBuildFile; fileRef = B49236242468B80100A89EB3 /* SelectPersonVC.swift */; };
		B49236282468B80100A89EB3 /* Main.storyboard in Resources */ = {isa = PBXBuildFile; fileRef = B49236262468B80100A89EB3 /* Main.storyboard */; };
		B492362A2468B80200A89EB3 /* Assets.xcassets in Resources */ = {isa = PBXBuildFile; fileRef = B49236292468B80200A89EB3 /* Assets.xcassets */; };
		B492362D2468B80200A89EB3 /* LaunchScreen.storyboard in Resources */ = {isa = PBXBuildFile; fileRef = B492362B2468B80200A89EB3 /* LaunchScreen.storyboard */; };
		B49236362468BA8300A89EB3 /* Starjout.ttf in Resources */ = {isa = PBXBuildFile; fileRef = B49236352468BA8300A89EB3 /* Starjout.ttf */; };
		B49236392468BA9800A89EB3 /* Starjhol.ttf in Resources */ = {isa = PBXBuildFile; fileRef = B49236372468BA9800A89EB3 /* Starjhol.ttf */; };
		B492363A2468BA9800A89EB3 /* Starjedi.ttf in Resources */ = {isa = PBXBuildFile; fileRef = B49236382468BA9800A89EB3 /* Starjedi.ttf */; };
		C9F6332DC2AFAAEB0C73F25B /* Pods_StarTrivia.framework in Frameworks */ = {isa = PBXBuildFile; fileRef = EB6703AB08424F09D5E79E87 /* Pods_StarTrivia.framework */; };
/* End PBXBuildFile section */

/* Begin PBXFileReference section */
		8B77B474E6CF486332352DDC /* Pods-StarTrivia.release.xcconfig */ = {isa = PBXFileReference; includeInIndex = 1; lastKnownFileType = text.xcconfig; name = "Pods-StarTrivia.release.xcconfig"; path = "Pods/Target Support Files/Pods-StarTrivia/Pods-StarTrivia.release.xcconfig"; sourceTree = "<group>"; };
		B430A349246B2E260043F4D8 /* HomeWorldVC.swift */ = {isa = PBXFileReference; lastKnownFileType = sourcecode.swift; path = HomeWorldVC.swift; sourceTree = "<group>"; };
		B430A34B246B2E350043F4D8 /* VehiclesVC.swift */ = {isa = PBXFileReference; lastKnownFileType = sourcecode.swift; path = VehiclesVC.swift; sourceTree = "<group>"; };
		B430A34D246B2E410043F4D8 /* StarShipsVC.swift */ = {isa = PBXFileReference; lastKnownFileType = sourcecode.swift; path = StarShipsVC.swift; sourceTree = "<group>"; };
		B430A34F246B2E530043F4D8 /* FilmsVC.swift */ = {isa = PBXFileReference; lastKnownFileType = sourcecode.swift; path = FilmsVC.swift; sourceTree = "<group>"; };
		B458423B246B21EB00420053 /* FadeEnabledBtn.swift */ = {isa = PBXFileReference; lastKnownFileType = sourcecode.swift; path = FadeEnabledBtn.swift; sourceTree = "<group>"; };
		B46097602469127800854C49 /* PersonApi.swift */ = {isa = PBXFileReference; lastKnownFileType = sourcecode.swift; path = PersonApi.swift; sourceTree = "<group>"; };
		B460976224691ABF00854C49 /* Person.swift */ = {isa = PBXFileReference; lastKnownFileType = sourcecode.swift; path = Person.swift; sourceTree = "<group>"; };
		B479DC432468F0DB00F002CA /* BlackBgView.swift */ = {isa = PBXFileReference; lastKnownFileType = sourcecode.swift; path = BlackBgView.swift; sourceTree = "<group>"; };
		B479DC462468F14A00F002CA /* Constants.swift */ = {isa = PBXFileReference; lastKnownFileType = sourcecode.swift; path = Constants.swift; sourceTree = "<group>"; };
		B492361D2468B80100A89EB3 /* StarTrivia.app */ = {isa = PBXFileReference; explicitFileType = wrapper.application; includeInIndex = 0; path = StarTrivia.app; sourceTree = BUILT_PRODUCTS_DIR; };
		B49236202468B80100A89EB3 /* AppDelegate.swift */ = {isa = PBXFileReference; lastKnownFileType = sourcecode.swift; path = AppDelegate.swift; sourceTree = "<group>"; };
		B49236222468B80100A89EB3 /* SceneDelegate.swift */ = {isa = PBXFileReference; lastKnownFileType = sourcecode.swift; path = SceneDelegate.swift; sourceTree = "<group>"; };
		B49236242468B80100A89EB3 /* SelectPersonVC.swift */ = {isa = PBXFileReference; lastKnownFileType = sourcecode.swift; path = SelectPersonVC.swift; sourceTree = "<group>"; };
		B49236272468B80100A89EB3 /* Base */ = {isa = PBXFileReference; lastKnownFileType = file.storyboard; name = Base; path = Base.lproj/Main.storyboard; sourceTree = "<group>"; };
		B49236292468B80200A89EB3 /* Assets.xcassets */ = {isa = PBXFileReference; lastKnownFileType = folder.assetcatalog; path = Assets.xcassets; sourceTree = "<group>"; };
		B492362C2468B80200A89EB3 /* Base */ = {isa = PBXFileReference; lastKnownFileType = file.storyboard; name = Base; path = Base.lproj/LaunchScreen.storyboard; sourceTree = "<group>"; };
		B492362E2468B80200A89EB3 /* Info.plist */ = {isa = PBXFileReference; lastKnownFileType = text.plist.xml; path = Info.plist; sourceTree = "<group>"; };
		B49236352468BA8300A89EB3 /* Starjout.ttf */ = {isa = PBXFileReference; lastKnownFileType = file; path = Starjout.ttf; sourceTree = "<group>"; };
		B49236372468BA9800A89EB3 /* Starjhol.ttf */ = {isa = PBXFileReference; lastKnownFileType = file; path = Starjhol.ttf; sourceTree = "<group>"; };
		B49236382468BA9800A89EB3 /* Starjedi.ttf */ = {isa = PBXFileReference; lastKnownFileType = file; path = Starjedi.ttf; sourceTree = "<group>"; };
		D38D0D46CD427A851DA82E21 /* Pods-StarTrivia.debug.xcconfig */ = {isa = PBXFileReference; includeInIndex = 1; lastKnownFileType = text.xcconfig; name = "Pods-StarTrivia.debug.xcconfig"; path = "Pods/Target Support Files/Pods-StarTrivia/Pods-StarTrivia.debug.xcconfig"; sourceTree = "<group>"; };
		EB6703AB08424F09D5E79E87 /* Pods_StarTrivia.framework */ = {isa = PBXFileReference; explicitFileType = wrapper.framework; includeInIndex = 0; path = Pods_StarTrivia.framework; sourceTree = BUILT_PRODUCTS_DIR; };
/* End PBXFileReference section */

/* Begin PBXFrameworksBuildPhase section */
		B492361A2468B80000A89EB3 /* Frameworks */ = {
			isa = PBXFrameworksBuildPhase;
			buildActionMask = 2147483647;
			files = (
				C9F6332DC2AFAAEB0C73F25B /* Pods_StarTrivia.framework in Frameworks */,
			);
			runOnlyForDeploymentPostprocessing = 0;
		};
/* End PBXFrameworksBuildPhase section */

/* Begin PBXGroup section */
		0A41A99D0281F0480F4D2CAD /* Frameworks */ = {
			isa = PBXGroup;
			children = (
				EB6703AB08424F09D5E79E87 /* Pods_StarTrivia.framework */,
			);
			name = Frameworks;
			sourceTree = "<group>";
		};
		6D0C9E59CDA72315343BB3D2 /* Pods */ = {
			isa = PBXGroup;
			children = (
				D38D0D46CD427A851DA82E21 /* Pods-StarTrivia.debug.xcconfig */,
				8B77B474E6CF486332352DDC /* Pods-StarTrivia.release.xcconfig */,
			);
			name = Pods;
			sourceTree = "<group>";
		};
		B460975F2469125400854C49 /* Services */ = {
			isa = PBXGroup;
			children = (
				B46097602469127800854C49 /* PersonApi.swift */,
			);
			path = Services;
			sourceTree = "<group>";
		};
		B479DC452468F13700F002CA /* Utils */ = {
			isa = PBXGroup;
			children = (
				B479DC462468F14A00F002CA /* Constants.swift */,
			);
			path = Utils;
			sourceTree = "<group>";
		};
		B49236142468B80000A89EB3 = {
			isa = PBXGroup;
			children = (
				B492361F2468B80100A89EB3 /* StarTrivia */,
				B492361E2468B80100A89EB3 /* Products */,
				6D0C9E59CDA72315343BB3D2 /* Pods */,
				0A41A99D0281F0480F4D2CAD /* Frameworks */,
			);
			sourceTree = "<group>";
		};
		B492361E2468B80100A89EB3 /* Products */ = {
			isa = PBXGroup;
			children = (
				B492361D2468B80100A89EB3 /* StarTrivia.app */,
			);
			name = Products;
			sourceTree = "<group>";
		};
		B492361F2468B80100A89EB3 /* StarTrivia */ = {
			isa = PBXGroup;
			children = (
				B492363E2468BAED00A89EB3 /* Model */,
				B492363D2468BAE900A89EB3 /* View */,
				B492363C2468BAE200A89EB3 /* Controller */,
				B460975F2469125400854C49 /* Services */,
				B479DC452468F13700F002CA /* Utils */,
				B49236202468B80100A89EB3 /* AppDelegate.swift */,
				B49236222468B80100A89EB3 /* SceneDelegate.swift */,
				B492363B2468BACC00A89EB3 /* Resources */,
				B49236262468B80100A89EB3 /* Main.storyboard */,
				B49236292468B80200A89EB3 /* Assets.xcassets */,
				B492362B2468B80200A89EB3 /* LaunchScreen.storyboard */,
				B492362E2468B80200A89EB3 /* Info.plist */,
			);
			path = StarTrivia;
			sourceTree = "<group>";
		};
		B49236342468B9D400A89EB3 /* Fonts */ = {
			isa = PBXGroup;
			children = (
				B49236352468BA8300A89EB3 /* Starjout.ttf */,
				B49236382468BA9800A89EB3 /* Starjedi.ttf */,
				B49236372468BA9800A89EB3 /* Starjhol.ttf */,
			);
			path = Fonts;
			sourceTree = "<group>";
		};
		B492363B2468BACC00A89EB3 /* Resources */ = {
			isa = PBXGroup;
			children = (
				B49236342468B9D400A89EB3 /* Fonts */,
			);
			path = Resources;
			sourceTree = "<group>";
		};
		B492363C2468BAE200A89EB3 /* Controller */ = {
			isa = PBXGroup;
			children = (
				B49236242468B80100A89EB3 /* SelectPersonVC.swift */,
				B430A349246B2E260043F4D8 /* HomeWorldVC.swift */,
				B430A34B246B2E350043F4D8 /* VehiclesVC.swift */,
				B430A34D246B2E410043F4D8 /* StarShipsVC.swift */,
				B430A34F246B2E530043F4D8 /* FilmsVC.swift */,
			);
			path = Controller;
			sourceTree = "<group>";
		};
		B492363D2468BAE900A89EB3 /* View */ = {
			isa = PBXGroup;
			children = (
				B479DC432468F0DB00F002CA /* BlackBgView.swift */,
				B458423B246B21EB00420053 /* FadeEnabledBtn.swift */,
			);
			path = View;
			sourceTree = "<group>";
		};
		B492363E2468BAED00A89EB3 /* Model */ = {
			isa = PBXGroup;
			children = (
				B460976224691ABF00854C49 /* Person.swift */,
			);
			path = Model;
			sourceTree = "<group>";
		};
/* End PBXGroup section */

/* Begin PBXNativeTarget section */
		B492361C2468B80000A89EB3 /* StarTrivia */ = {
			isa = PBXNativeTarget;
			buildConfigurationList = B49236312468B80200A89EB3 /* Build configuration list for PBXNativeTarget "StarTrivia" */;
			buildPhases = (
				82529EF7F1E6A188DDC7F0E9 /* [CP] Check Pods Manifest.lock */,
				B49236192468B80000A89EB3 /* Sources */,
				B492361A2468B80000A89EB3 /* Frameworks */,
				B492361B2468B80000A89EB3 /* Resources */,
				FA82DE6BED003AD34EDC56F2 /* [CP] Embed Pods Frameworks */,
			);
			buildRules = (
			);
			dependencies = (
			);
			name = StarTrivia;
			productName = StarTrivia;
			productReference = B492361D2468B80100A89EB3 /* StarTrivia.app */;
			productType = "com.apple.product-type.application";
		};
/* End PBXNativeTarget section */

/* Begin PBXProject section */
		B49236152468B80000A89EB3 /* Project object */ = {
			isa = PBXProject;
			attributes = {
				LastSwiftUpdateCheck = 1130;
				LastUpgradeCheck = 1130;
				ORGANIZATIONNAME = MuriTech;
				TargetAttributes = {
					B492361C2468B80000A89EB3 = {
						CreatedOnToolsVersion = 11.3.1;
					};
				};
			};
			buildConfigurationList = B49236182468B80000A89EB3 /* Build configuration list for PBXProject "StarTrivia" */;
			compatibilityVersion = "Xcode 9.3";
			developmentRegion = en;
			hasScannedForEncodings = 0;
			knownRegions = (
				en,
				Base,
			);
			mainGroup = B49236142468B80000A89EB3;
			productRefGroup = B492361E2468B80100A89EB3 /* Products */;
			projectDirPath = "";
			projectRoot = "";
			targets = (
				B492361C2468B80000A89EB3 /* StarTrivia */,
			);
		};
/* End PBXProject section */

/* Begin PBXResourcesBuildPhase section */
		B492361B2468B80000A89EB3 /* Resources */ = {
			isa = PBXResourcesBuildPhase;
			buildActionMask = 2147483647;
			files = (
				B49236362468BA8300A89EB3 /* Starjout.ttf in Resources */,
				B492362D2468B80200A89EB3 /* LaunchScreen.storyboard in Resources */,
				B492362A2468B80200A89EB3 /* Assets.xcassets in Resources */,
				B49236392468BA9800A89EB3 /* Starjhol.ttf in Resources */,
				B492363A2468BA9800A89EB3 /* Starjedi.ttf in Resources */,
				B49236282468B80100A89EB3 /* Main.storyboard in Resources */,
			);
			runOnlyForDeploymentPostprocessing = 0;
		};
/* End PBXResourcesBuildPhase section */

/* Begin PBXShellScriptBuildPhase section */
		82529EF7F1E6A188DDC7F0E9 /* [CP] Check Pods Manifest.lock */ = {
			isa = PBXShellScriptBuildPhase;
			buildActionMask = 2147483647;
			files = (
			);
			inputPaths = (
				"${PODS_PODFILE_DIR_PATH}/Podfile.lock",
				"${PODS_ROOT}/Manifest.lock",
			);
			name = "[CP] Check Pods Manifest.lock";
			outputPaths = (
				"$(DERIVED_FILE_DIR)/Pods-StarTrivia-checkManifestLockResult.txt",
			);
			runOnlyForDeploymentPostprocessing = 0;
			shellPath = /bin/sh;
			shellScript = "diff \"${PODS_PODFILE_DIR_PATH}/Podfile.lock\" \"${PODS_ROOT}/Manifest.lock\" > /dev/null\nif [ $? != 0 ] ; then\n    # print error to STDERR\n    echo \"error: The sandbox is not in sync with the Podfile.lock. Run 'pod install' or update your CocoaPods installation.\" >&2\n    exit 1\nfi\n# This output is used by Xcode 'outputs' to avoid re-running this script phase.\necho \"SUCCESS\" > \"${SCRIPT_OUTPUT_FILE_0}\"\n";
			showEnvVarsInLog = 0;
		};
		FA82DE6BED003AD34EDC56F2 /* [CP] Embed Pods Frameworks */ = {
			isa = PBXShellScriptBuildPhase;
			buildActionMask = 2147483647;
			files = (
			);
			inputPaths = (
				"${SRCROOT}/Pods/Target Support Files/Pods-StarTrivia/Pods-StarTrivia-frameworks.sh",
				"${BUILT_PRODUCTS_DIR}/Alamofire/Alamofire.framework",
				"${BUILT_PRODUCTS_DIR}/SwiftyJSON/SwiftyJSON.framework",
			);
			name = "[CP] Embed Pods Frameworks";
			outputPaths = (
				"${TARGET_BUILD_DIR}/${FRAMEWORKS_FOLDER_PATH}/Alamofire.framework",
				"${TARGET_BUILD_DIR}/${FRAMEWORKS_FOLDER_PATH}/SwiftyJSON.framework",
			);
			runOnlyForDeploymentPostprocessing = 0;
			shellPath = /bin/sh;
			shellScript = "\"${SRCROOT}/Pods/Target Support Files/Pods-StarTrivia/Pods-StarTrivia-frameworks.sh\"\n";
			showEnvVarsInLog = 0;
		};
/* End PBXShellScriptBuildPhase section */

/* Begin PBXSourcesBuildPhase section */
		B49236192468B80000A89EB3 /* Sources */ = {
			isa = PBXSourcesBuildPhase;
			buildActionMask = 2147483647;
			files = (
				B430A350246B2E530043F4D8 /* FilmsVC.swift in Sources */,
				B479DC472468F14A00F002CA /* Constants.swift in Sources */,
				B430A34A246B2E260043F4D8 /* HomeWorldVC.swift in Sources */,
				B46097612469127800854C49 /* PersonApi.swift in Sources */,
				B430A34C246B2E350043F4D8 /* VehiclesVC.swift in Sources */,
				B430A34E246B2E410043F4D8 /* StarShipsVC.swift in Sources */,
				B49236252468B80100A89EB3 /* SelectPersonVC.swift in Sources */,
				B479DC442468F0DB00F002CA /* BlackBgView.swift in Sources */,
				B460976324691ABF00854C49 /* Person.swift in Sources */,
				B49236212468B80100A89EB3 /* AppDelegate.swift in Sources */,
				B458423C246B21EB00420053 /* FadeEnabledBtn.swift in Sources */,
				B49236232468B80100A89EB3 /* SceneDelegate.swift in Sources */,
			);
			runOnlyForDeploymentPostprocessing = 0;
		};
/* End PBXSourcesBuildPhase section */

/* Begin PBXVariantGroup section */
		B49236262468B80100A89EB3 /* Main.storyboard */ = {
			isa = PBXVariantGroup;
			children = (
				B49236272468B80100A89EB3 /* Base */,
			);
			name = Main.storyboard;
			sourceTree = "<group>";
		};
		B492362B2468B80200A89EB3 /* LaunchScreen.storyboard */ = {
			isa = PBXVariantGroup;
			children = (
				B492362C2468B80200A89EB3 /* Base */,
			);
			name = LaunchScreen.storyboard;
			sourceTree = "<group>";
		};
/* End PBXVariantGroup section */

/* Begin XCBuildConfiguration section */
		B492362F2468B80200A89EB3 /* Debug */ = {
			isa = XCBuildConfiguration;
			buildSettings = {
				ALWAYS_SEARCH_USER_PATHS = NO;
				CLANG_ANALYZER_NONNULL = YES;
				CLANG_ANALYZER_NUMBER_OBJECT_CONVERSION = YES_AGGRESSIVE;
				CLANG_CXX_LANGUAGE_STANDARD = "gnu++14";
				CLANG_CXX_LIBRARY = "libc++";
				CLANG_ENABLE_MODULES = YES;
				CLANG_ENABLE_OBJC_ARC = YES;
				CLANG_ENABLE_OBJC_WEAK = YES;
				CLANG_WARN_BLOCK_CAPTURE_AUTORELEASING = YES;
				CLANG_WARN_BOOL_CONVERSION = YES;
				CLANG_WARN_COMMA = YES;
				CLANG_WARN_CONSTANT_CONVERSION = YES;
				CLANG_WARN_DEPRECATED_OBJC_IMPLEMENTATIONS = YES;
				CLANG_WARN_DIRECT_OBJC_ISA_USAGE = YES_ERROR;
				CLANG_WARN_DOCUMENTATION_COMMENTS = YES;
				CLANG_WARN_EMPTY_BODY = YES;
				CLANG_WARN_ENUM_CONVERSION = YES;
				CLANG_WARN_INFINITE_RECURSION = YES;
				CLANG_WARN_INT_CONVERSION = YES;
				CLANG_WARN_NON_LITERAL_NULL_CONVERSION = YES;
				CLANG_WARN_OBJC_IMPLICIT_RETAIN_SELF = YES;
				CLANG_WARN_OBJC_LITERAL_CONVERSION = YES;
				CLANG_WARN_OBJC_ROOT_CLASS = YES_ERROR;
				CLANG_WARN_RANGE_LOOP_ANALYSIS = YES;
				CLANG_WARN_STRICT_PROTOTYPES = YES;
				CLANG_WARN_SUSPICIOUS_MOVE = YES;
				CLANG_WARN_UNGUARDED_AVAILABILITY = YES_AGGRESSIVE;
				CLANG_WARN_UNREACHABLE_CODE = YES;
				CLANG_WARN__DUPLICATE_METHOD_MATCH = YES;
				COPY_PHASE_STRIP = NO;
				DEBUG_INFORMATION_FORMAT = dwarf;
				ENABLE_STRICT_OBJC_MSGSEND = YES;
				ENABLE_TESTABILITY = YES;
				GCC_C_LANGUAGE_STANDARD = gnu11;
				GCC_DYNAMIC_NO_PIC = NO;
				GCC_NO_COMMON_BLOCKS = YES;
				GCC_OPTIMIZATION_LEVEL = 0;
				GCC_PREPROCESSOR_DEFINITIONS = (
					"DEBUG=1",
					"$(inherited)",
				);
				GCC_WARN_64_TO_32_BIT_CONVERSION = YES;
				GCC_WARN_ABOUT_RETURN_TYPE = YES_ERROR;
				GCC_WARN_UNDECLARED_SELECTOR = YES;
				GCC_WARN_UNINITIALIZED_AUTOS = YES_AGGRESSIVE;
				GCC_WARN_UNUSED_FUNCTION = YES;
				GCC_WARN_UNUSED_VARIABLE = YES;
				IPHONEOS_DEPLOYMENT_TARGET = 13.2;
				MTL_ENABLE_DEBUG_INFO = INCLUDE_SOURCE;
				MTL_FAST_MATH = YES;
				ONLY_ACTIVE_ARCH = YES;
				SDKROOT = iphoneos;
				SWIFT_ACTIVE_COMPILATION_CONDITIONS = DEBUG;
				SWIFT_OPTIMIZATION_LEVEL = "-Onone";
			};
			name = Debug;
		};
		B49236302468B80200A89EB3 /* Release */ = {
			isa = XCBuildConfiguration;
			buildSettings = {
				ALWAYS_SEARCH_USER_PATHS = NO;
				CLANG_ANALYZER_NONNULL = YES;
				CLANG_ANALYZER_NUMBER_OBJECT_CONVERSION = YES_AGGRESSIVE;
				CLANG_CXX_LANGUAGE_STANDARD = "gnu++14";
				CLANG_CXX_LIBRARY = "libc++";
				CLANG_ENABLE_MODULES = YES;
				CLANG_ENABLE_OBJC_ARC = YES;
				CLANG_ENABLE_OBJC_WEAK = YES;
				CLANG_WARN_BLOCK_CAPTURE_AUTORELEASING = YES;
				CLANG_WARN_BOOL_CONVERSION = YES;
				CLANG_WARN_COMMA = YES;
				CLANG_WARN_CONSTANT_CONVERSION = YES;
				CLANG_WARN_DEPRECATED_OBJC_IMPLEMENTATIONS = YES;
				CLANG_WARN_DIRECT_OBJC_ISA_USAGE = YES_ERROR;
				CLANG_WARN_DOCUMENTATION_COMMENTS = YES;
				CLANG_WARN_EMPTY_BODY = YES;
				CLANG_WARN_ENUM_CONVERSION = YES;
				CLANG_WARN_INFINITE_RECURSION = YES;
				CLANG_WARN_INT_CONVERSION = YES;
				CLANG_WARN_NON_LITERAL_NULL_CONVERSION = YES;
				CLANG_WARN_OBJC_IMPLICIT_RETAIN_SELF = YES;
				CLANG_WARN_OBJC_LITERAL_CONVERSION = YES;
				CLANG_WARN_OBJC_ROOT_CLASS = YES_ERROR;
				CLANG_WARN_RANGE_LOOP_ANALYSIS = YES;
				CLANG_WARN_STRICT_PROTOTYPES = YES;
				CLANG_WARN_SUSPICIOUS_MOVE = YES;
				CLANG_WARN_UNGUARDED_AVAILABILITY = YES_AGGRESSIVE;
				CLANG_WARN_UNREACHABLE_CODE = YES;
				CLANG_WARN__DUPLICATE_METHOD_MATCH = YES;
				COPY_PHASE_STRIP = NO;
				DEBUG_INFORMATION_FORMAT = "dwarf-with-dsym";
				ENABLE_NS_ASSERTIONS = NO;
				ENABLE_STRICT_OBJC_MSGSEND = YES;
				GCC_C_LANGUAGE_STANDARD = gnu11;
				GCC_NO_COMMON_BLOCKS = YES;
				GCC_WARN_64_TO_32_BIT_CONVERSION = YES;
				GCC_WARN_ABOUT_RETURN_TYPE = YES_ERROR;
				GCC_WARN_UNDECLARED_SELECTOR = YES;
				GCC_WARN_UNINITIALIZED_AUTOS = YES_AGGRESSIVE;
				GCC_WARN_UNUSED_FUNCTION = YES;
				GCC_WARN_UNUSED_VARIABLE = YES;
				IPHONEOS_DEPLOYMENT_TARGET = 13.2;
				MTL_ENABLE_DEBUG_INFO = NO;
				MTL_FAST_MATH = YES;
				SDKROOT = iphoneos;
				SWIFT_COMPILATION_MODE = wholemodule;
				SWIFT_OPTIMIZATION_LEVEL = "-O";
				VALIDATE_PRODUCT = YES;
			};
			name = Release;
		};
		B49236322468B80200A89EB3 /* Debug */ = {
			isa = XCBuildConfiguration;
			baseConfigurationReference = D38D0D46CD427A851DA82E21 /* Pods-StarTrivia.debug.xcconfig */;
			buildSettings = {
				ASSETCATALOG_COMPILER_APPICON_NAME = AppIcon;
				CODE_SIGN_STYLE = Automatic;
				DEVELOPMENT_TEAM = 7M226WNK72;
				INFOPLIST_FILE = StarTrivia/Info.plist;
				IPHONEOS_DEPLOYMENT_TARGET = 13.0;
				LD_RUNPATH_SEARCH_PATHS = (
					"$(inherited)",
					"@executable_path/Frameworks",
				);
				PRODUCT_BUNDLE_IDENTIFIER = com.MuriTech.StarTrivia;
				PRODUCT_NAME = "$(TARGET_NAME)";
				SWIFT_VERSION = 5.0;
				TARGETED_DEVICE_FAMILY = "1,2";
			};
			name = Debug;
		};
		B49236332468B80200A89EB3 /* Release */ = {
			isa = XCBuildConfiguration;
			baseConfigurationReference = 8B77B474E6CF486332352DDC /* Pods-StarTrivia.release.xcconfig */;
			buildSettings = {
				ASSETCATALOG_COMPILER_APPICON_NAME = AppIcon;
				CODE_SIGN_STYLE = Automatic;
				DEVELOPMENT_TEAM = 7M226WNK72;
				INFOPLIST_FILE = StarTrivia/Info.plist;
				IPHONEOS_DEPLOYMENT_TARGET = 13.0;
				LD_RUNPATH_SEARCH_PATHS = (
					"$(inherited)",
					"@executable_path/Frameworks",
				);
				PRODUCT_BUNDLE_IDENTIFIER = com.MuriTech.StarTrivia;
				PRODUCT_NAME = "$(TARGET_NAME)";
				SWIFT_VERSION = 5.0;
				TARGETED_DEVICE_FAMILY = "1,2";
			};
			name = Release;
		};
/* End XCBuildConfiguration section */

/* Begin XCConfigurationList section */
		B49236182468B80000A89EB3 /* Build configuration list for PBXProject "StarTrivia" */ = {
			isa = XCConfigurationList;
			buildConfigurations = (
				B492362F2468B80200A89EB3 /* Debug */,
				B49236302468B80200A89EB3 /* Release */,
			);
			defaultConfigurationIsVisible = 0;
			defaultConfigurationName = Release;
		};
		B49236312468B80200A89EB3 /* Build configuration list for PBXNativeTarget "StarTrivia" */ = {
			isa = XCConfigurationList;
			buildConfigurations = (
				B49236322468B80200A89EB3 /* Debug */,
				B49236332468B80200A89EB3 /* Release */,
			);
			defaultConfigurationIsVisible = 0;
			defaultConfigurationName = Release;
		};
/* End XCConfigurationList section */
	};
	rootObject = B49236152468B80000A89EB3 /* Project object */;
}
